PODS:
  - AFNetworking (3.0.4):
    - AFNetworking/NSURLSession (= 3.0.4)
    - AFNetworking/Reachability (= 3.0.4)
    - AFNetworking/Security (= 3.0.4)
    - AFNetworking/Serialization (= 3.0.4)
    - AFNetworking/UIKit (= 3.0.4)
  - AFNetworking/NSURLSession (3.0.4):
    - AFNetworking/Reachability
    - AFNetworking/Security
    - AFNetworking/Serialization
  - AFNetworking/Reachability (3.0.4)
  - AFNetworking/Security (3.0.4)
  - AFNetworking/Serialization (3.0.4)
  - AFNetworking/UIKit (3.0.4):
    - AFNetworking/NSURLSession
  - BDBOAuth1Manager (2.0.0):
    - AFNetworking/NSURLSession (~> 3.0.0)
  - BFOAuth (1.0.1)
  - CloudSight (1.0.3):
    - BFOAuth (~> 1.0)
    - RequestUtils (~> 1.1)
  - ELCodable (0.0.1)
  - RequestUtils (1.1.2)
  - UIImage-Categories (1.0.0)

DEPENDENCIES:
  - AFNetworking
  - BDBOAuth1Manager
  - CloudSight
  - ELCodable (from `https://github.com/aoriani/ELCodable.git`, commit `a5ae19f7cabb0b078fd47e0e969077711e13f12d`)
  - UIImage-Categories

EXTERNAL SOURCES:
  ELCodable:
    :commit: a5ae19f7cabb0b078fd47e0e969077711e13f12d
    :git: https://github.com/aoriani/ELCodable.git

CHECKOUT OPTIONS:
  ELCodable:
    :commit: a5ae19f7cabb0b078fd47e0e969077711e13f12d
    :git: https://github.com/aoriani/ELCodable.git

SPEC CHECKSUMS:
  AFNetworking: a0075feb321559dc78d9d85b55d11caa19eabb93
  BDBOAuth1Manager: 92d17d06f8a648602962304cd2f35ae7394fa001
  BFOAuth: e3c2e4eaae862a89bc301ed6f292d3cd0d6a107b
  CloudSight: 7974bacb22ec2db1bfb0f0242d9be7f442a78d77
  ELCodable: cf628dcbac2398935b0081c6fe4fa3e25594e5c9
  RequestUtils: 0f04f89abca3936c6566e2f4c3ce5d252036bc89
  UIImage-Categories: a0593f6a7991c99016b9ecadfbd38b3717ff1a73

COCOAPODS: 0.39.0
