// !$*UTF8*$!
{
	archiveVersion = 1;
	classes = {
	};
	objectVersion = 46;
	objects = {

/* Begin PBXBuildFile section */
		99959F0F1C86C3F60005157B /* AppDelegate.swift in Sources */ = {isa = PBXBuildFile; fileRef = 99959F0E1C86C3F60005157B /* AppDelegate.swift */; };
		99959F111C86C3F60005157B /* ViewController.swift in Sources */ = {isa = PBXBuildFile; fileRef = 99959F101C86C3F60005157B /* ViewController.swift */; };
		99959F141C86C3F60005157B /* Main.storyboard in Resources */ = {isa = PBXBuildFile; fileRef = 99959F121C86C3F60005157B /* Main.storyboard */; };
		99959F161C86C3F60005157B /* Assets.xcassets in Resources */ = {isa = PBXBuildFile; fileRef = 99959F151C86C3F60005157B /* Assets.xcassets */; };
		99959F191C86C3F60005157B /* LaunchScreen.storyboard in Resources */ = {isa = PBXBuildFile; fileRef = 99959F171C86C3F60005157B /* LaunchScreen.storyboard */; };
		99959F211C86C6390005157B /* BarcodeService.swift in Sources */ = {isa = PBXBuildFile; fileRef = 99959F201C86C6390005157B /* BarcodeService.swift */; };
		99959F231C86CF7F0005157B /* BarcodeResult.swift in Sources */ = {isa = PBXBuildFile; fileRef = 99959F221C86CF7F0005157B /* BarcodeResult.swift */; };
		99FA28531C8B9E6C003AB2D4 /* BarcodeDetectorViewController.swift in Sources */ = {isa = PBXBuildFile; fileRef = 99FA28521C8B9E6C003AB2D4 /* BarcodeDetectorViewController.swift */; };
		99FA28551C8BA724003AB2D4 /* BarcodeDetector.storyboard in Resources */ = {isa = PBXBuildFile; fileRef = 99FA28541C8BA724003AB2D4 /* BarcodeDetector.storyboard */; };
		99FA28581C8BDAC8003AB2D4 /* FoodMatcher.swift in Sources */ = {isa = PBXBuildFile; fileRef = 99FA28571C8BDAC8003AB2D4 /* FoodMatcher.swift */; };
		99FA285B1C8BE1E4003AB2D4 /* StringExtensions.swift in Sources */ = {isa = PBXBuildFile; fileRef = 99FA285A1C8BE1E4003AB2D4 /* StringExtensions.swift */; };
		E84809A764D6E068FD264F21 /* Pods_APItests.framework in Frameworks */ = {isa = PBXBuildFile; fileRef = 89BECAECFE4F94F287E24070 /* Pods_APItests.framework */; };
/* End PBXBuildFile section */

/* Begin PBXFileReference section */
		158D2B5DA07D7E7D8BA3B73C /* Pods-APItests.release.xcconfig */ = {isa = PBXFileReference; includeInIndex = 1; lastKnownFileType = text.xcconfig; name = "Pods-APItests.release.xcconfig"; path = "Pods/Target Support Files/Pods-APItests/Pods-APItests.release.xcconfig"; sourceTree = "<group>"; };
		89BECAECFE4F94F287E24070 /* Pods_APItests.framework */ = {isa = PBXFileReference; explicitFileType = wrapper.framework; includeInIndex = 0; path = Pods_APItests.framework; sourceTree = BUILT_PRODUCTS_DIR; };
		99959F0B1C86C3F60005157B /* APItests.app */ = {isa = PBXFileReference; explicitFileType = wrapper.application; includeInIndex = 0; path = APItests.app; sourceTree = BUILT_PRODUCTS_DIR; };
		99959F0E1C86C3F60005157B /* AppDelegate.swift */ = {isa = PBXFileReference; lastKnownFileType = sourcecode.swift; path = AppDelegate.swift; sourceTree = "<group>"; };
		99959F101C86C3F60005157B /* ViewController.swift */ = {isa = PBXFileReference; lastKnownFileType = sourcecode.swift; path = ViewController.swift; sourceTree = "<group>"; };
		99959F131C86C3F60005157B /* Base */ = {isa = PBXFileReference; lastKnownFileType = file.storyboard; name = Base; path = Base.lproj/Main.storyboard; sourceTree = "<group>"; };
		99959F151C86C3F60005157B /* Assets.xcassets */ = {isa = PBXFileReference; lastKnownFileType = folder.assetcatalog; path = Assets.xcassets; sourceTree = "<group>"; };
		99959F181C86C3F60005157B /* Base */ = {isa = PBXFileReference; lastKnownFileType = file.storyboard; name = Base; path = Base.lproj/LaunchScreen.storyboard; sourceTree = "<group>"; };
		99959F1A1C86C3F60005157B /* Info.plist */ = {isa = PBXFileReference; lastKnownFileType = text.plist.xml; path = Info.plist; sourceTree = "<group>"; };
		99959F201C86C6390005157B /* BarcodeService.swift */ = {isa = PBXFileReference; fileEncoding = 4; lastKnownFileType = sourcecode.swift; path = BarcodeService.swift; sourceTree = "<group>"; };
		99959F221C86CF7F0005157B /* BarcodeResult.swift */ = {isa = PBXFileReference; fileEncoding = 4; lastKnownFileType = sourcecode.swift; path = BarcodeResult.swift; sourceTree = "<group>"; };
		99FA28521C8B9E6C003AB2D4 /* BarcodeDetectorViewController.swift */ = {isa = PBXFileReference; fileEncoding = 4; lastKnownFileType = sourcecode.swift; path = BarcodeDetectorViewController.swift; sourceTree = "<group>"; };
		99FA28541C8BA724003AB2D4 /* BarcodeDetector.storyboard */ = {isa = PBXFileReference; fileEncoding = 4; lastKnownFileType = file.storyboard; name = BarcodeDetector.storyboard; path = ../BarcodeDetector.storyboard; sourceTree = "<group>"; };
		99FA28571C8BDAC8003AB2D4 /* FoodMatcher.swift */ = {isa = PBXFileReference; fileEncoding = 4; lastKnownFileType = sourcecode.swift; path = FoodMatcher.swift; sourceTree = "<group>"; };
		99FA285A1C8BE1E4003AB2D4 /* StringExtensions.swift */ = {isa = PBXFileReference; fileEncoding = 4; lastKnownFileType = sourcecode.swift; path = StringExtensions.swift; sourceTree = "<group>"; };
		EC39A0D763FFB28DE30A0941 /* Pods-APItests.debug.xcconfig */ = {isa = PBXFileReference; includeInIndex = 1; lastKnownFileType = text.xcconfig; name = "Pods-APItests.debug.xcconfig"; path = "Pods/Target Support Files/Pods-APItests/Pods-APItests.debug.xcconfig"; sourceTree = "<group>"; };
/* End PBXFileReference section */

/* Begin PBXFrameworksBuildPhase section */
		99959F081C86C3F60005157B /* Frameworks */ = {
			isa = PBXFrameworksBuildPhase;
			buildActionMask = 2147483647;
			files = (
				E84809A764D6E068FD264F21 /* Pods_APItests.framework in Frameworks */,
			);
			runOnlyForDeploymentPostprocessing = 0;
		};
/* End PBXFrameworksBuildPhase section */

/* Begin PBXGroup section */
		09C57477CE5DCE8B4D784BC7 /* Pods */ = {
			isa = PBXGroup;
			children = (
				EC39A0D763FFB28DE30A0941 /* Pods-APItests.debug.xcconfig */,
				158D2B5DA07D7E7D8BA3B73C /* Pods-APItests.release.xcconfig */,
			);
			name = Pods;
			sourceTree = "<group>";
		};
		52349520DAAB9B3AE66DD2E1 /* Frameworks */ = {
			isa = PBXGroup;
			children = (
				89BECAECFE4F94F287E24070 /* Pods_APItests.framework */,
			);
			name = Frameworks;
			sourceTree = "<group>";
		};
		99959F021C86C3F60005157B = {
			isa = PBXGroup;
			children = (
				99959F0D1C86C3F60005157B /* APItests */,
				99959F0C1C86C3F60005157B /* Products */,
				09C57477CE5DCE8B4D784BC7 /* Pods */,
				52349520DAAB9B3AE66DD2E1 /* Frameworks */,
			);
			sourceTree = "<group>";
		};
		99959F0C1C86C3F60005157B /* Products */ = {
			isa = PBXGroup;
			children = (
				99959F0B1C86C3F60005157B /* APItests.app */,
			);
			name = Products;
			sourceTree = "<group>";
		};
		99959F0D1C86C3F60005157B /* APItests */ = {
			isa = PBXGroup;
			children = (
				99FA28591C8BE1B9003AB2D4 /* FoodMatcher */,
				99FA28511C8B95B4003AB2D4 /* BarcodeController */,
				99FA28501C8AC6A4003AB2D4 /* BarcodeService */,
				99959F0E1C86C3F60005157B /* AppDelegate.swift */,
				99959F101C86C3F60005157B /* ViewController.swift */,
				99959F121C86C3F60005157B /* Main.storyboard */,
				99959F151C86C3F60005157B /* Assets.xcassets */,
				99959F171C86C3F60005157B /* LaunchScreen.storyboard */,
				99959F1A1C86C3F60005157B /* Info.plist */,
			);
			path = APItests;
			sourceTree = "<group>";
		};
		99FA28501C8AC6A4003AB2D4 /* BarcodeService */ = {
			isa = PBXGroup;
			children = (
				99959F201C86C6390005157B /* BarcodeService.swift */,
				99959F221C86CF7F0005157B /* BarcodeResult.swift */,
			);
			name = BarcodeService;
			sourceTree = "<group>";
		};
		99FA28511C8B95B4003AB2D4 /* BarcodeController */ = {
			isa = PBXGroup;
			children = (
				99FA28541C8BA724003AB2D4 /* BarcodeDetector.storyboard */,
				99FA28521C8B9E6C003AB2D4 /* BarcodeDetectorViewController.swift */,
			);
			name = BarcodeController;
			sourceTree = "<group>";
		};
		99FA28591C8BE1B9003AB2D4 /* FoodMatcher */ = {
			isa = PBXGroup;
			children = (
				99FA28571C8BDAC8003AB2D4 /* FoodMatcher.swift */,
				99FA285A1C8BE1E4003AB2D4 /* StringExtensions.swift */,
			);
			name = FoodMatcher;
			sourceTree = "<group>";
		};
/* End PBXGroup section */

/* Begin PBXNativeTarget section */
		99959F0A1C86C3F60005157B /* APItests */ = {
			isa = PBXNativeTarget;
			buildConfigurationList = 99959F1D1C86C3F60005157B /* Build configuration list for PBXNativeTarget "APItests" */;
			buildPhases = (
				593765405C70FB53C5E4290D /* Check Pods Manifest.lock */,
				99959F071C86C3F60005157B /* Sources */,
				99959F081C86C3F60005157B /* Frameworks */,
				99959F091C86C3F60005157B /* Resources */,
				85E526ECA16BDF176A5857D7 /* Embed Pods Frameworks */,
				34FFA712D250F052D8C76FE0 /* Copy Pods Resources */,
			);
			buildRules = (
			);
			dependencies = (
			);
			name = APItests;
			productName = APItests;
			productReference = 99959F0B1C86C3F60005157B /* APItests.app */;
			productType = "com.apple.product-type.application";
		};
/* End PBXNativeTarget section */

/* Begin PBXProject section */
		99959F031C86C3F60005157B /* Project object */ = {
			isa = PBXProject;
			attributes = {
				LastSwiftUpdateCheck = 0720;
				LastUpgradeCheck = 0720;
				ORGANIZATIONNAME = Orion;
				TargetAttributes = {
					99959F0A1C86C3F60005157B = {
						CreatedOnToolsVersion = 7.2.1;
						DevelopmentTeam = Y7W4KP26TC;
					};
				};
			};
			buildConfigurationList = 99959F061C86C3F60005157B /* Build configuration list for PBXProject "APItests" */;
			compatibilityVersion = "Xcode 3.2";
			developmentRegion = English;
			hasScannedForEncodings = 0;
			knownRegions = (
				en,
				Base,
			);
			mainGroup = 99959F021C86C3F60005157B;
			productRefGroup = 99959F0C1C86C3F60005157B /* Products */;
			projectDirPath = "";
			projectRoot = "";
			targets = (
				99959F0A1C86C3F60005157B /* APItests */,
			);
		};
/* End PBXProject section */

/* Begin PBXResourcesBuildPhase section */
		99959F091C86C3F60005157B /* Resources */ = {
			isa = PBXResourcesBuildPhase;
			buildActionMask = 2147483647;
			files = (
				99959F191C86C3F60005157B /* LaunchScreen.storyboard in Resources */,
				99959F161C86C3F60005157B /* Assets.xcassets in Resources */,
				99959F141C86C3F60005157B /* Main.storyboard in Resources */,
				99FA28551C8BA724003AB2D4 /* BarcodeDetector.storyboard in Resources */,
			);
			runOnlyForDeploymentPostprocessing = 0;
		};
/* End PBXResourcesBuildPhase section */

/* Begin PBXShellScriptBuildPhase section */
		34FFA712D250F052D8C76FE0 /* Copy Pods Resources */ = {
			isa = PBXShellScriptBuildPhase;
			buildActionMask = 2147483647;
			files = (
			);
			inputPaths = (
			);
			name = "Copy Pods Resources";
			outputPaths = (
			);
			runOnlyForDeploymentPostprocessing = 0;
			shellPath = /bin/sh;
			shellScript = "\"${SRCROOT}/Pods/Target Support Files/Pods-APItests/Pods-APItests-resources.sh\"\n";
			showEnvVarsInLog = 0;
		};
		593765405C70FB53C5E4290D /* Check Pods Manifest.lock */ = {
			isa = PBXShellScriptBuildPhase;
			buildActionMask = 2147483647;
			files = (
			);
			inputPaths = (
			);
			name = "Check Pods Manifest.lock";
			outputPaths = (
			);
			runOnlyForDeploymentPostprocessing = 0;
			shellPath = /bin/sh;
			shellScript = "diff \"${PODS_ROOT}/../Podfile.lock\" \"${PODS_ROOT}/Manifest.lock\" > /dev/null\nif [[ $? != 0 ]] ; then\n    cat << EOM\nerror: The sandbox is not in sync with the Podfile.lock. Run 'pod install' or update your CocoaPods installation.\nEOM\n    exit 1\nfi\n";
			showEnvVarsInLog = 0;
		};
		85E526ECA16BDF176A5857D7 /* Embed Pods Frameworks */ = {
			isa = PBXShellScriptBuildPhase;
			buildActionMask = 2147483647;
			files = (
			);
			inputPaths = (
			);
			name = "Embed Pods Frameworks";
			outputPaths = (
			);
			runOnlyForDeploymentPostprocessing = 0;
			shellPath = /bin/sh;
			shellScript = "\"${SRCROOT}/Pods/Target Support Files/Pods-APItests/Pods-APItests-frameworks.sh\"\n";
			showEnvVarsInLog = 0;
		};
/* End PBXShellScriptBuildPhase section */

/* Begin PBXSourcesBuildPhase section */
		99959F071C86C3F60005157B /* Sources */ = {
			isa = PBXSourcesBuildPhase;
			buildActionMask = 2147483647;
			files = (
				99959F111C86C3F60005157B /* ViewController.swift in Sources */,
				99959F231C86CF7F0005157B /* BarcodeResult.swift in Sources */,
				99FA28531C8B9E6C003AB2D4 /* BarcodeDetectorViewController.swift in Sources */,
				99FA285B1C8BE1E4003AB2D4 /* StringExtensions.swift in Sources */,
				99959F211C86C6390005157B /* BarcodeService.swift in Sources */,
				99FA28581C8BDAC8003AB2D4 /* FoodMatcher.swift in Sources */,
				99959F0F1C86C3F60005157B /* AppDelegate.swift in Sources */,
			);
			runOnlyForDeploymentPostprocessing = 0;
		};
/* End PBXSourcesBuildPhase section */

/* Begin PBXVariantGroup section */
		99959F121C86C3F60005157B /* Main.storyboard */ = {
			isa = PBXVariantGroup;
			children = (
				99959F131C86C3F60005157B /* Base */,
			);
			name = Main.storyboard;
			sourceTree = "<group>";
		};
		99959F171C86C3F60005157B /* LaunchScreen.storyboard */ = {
			isa = PBXVariantGroup;
			children = (
				99959F181C86C3F60005157B /* Base */,
			);
			name = LaunchScreen.storyboard;
			sourceTree = "<group>";
		};
/* End PBXVariantGroup section */

/* Begin XCBuildConfiguration section */
		99959F1B1C86C3F60005157B /* Debug */ = {
			isa = XCBuildConfiguration;
			buildSettings = {
				ALWAYS_SEARCH_USER_PATHS = NO;
				CLANG_CXX_LANGUAGE_STANDARD = "gnu++0x";
				CLANG_CXX_LIBRARY = "libc++";
				CLANG_ENABLE_MODULES = YES;
				CLANG_ENABLE_OBJC_ARC = YES;
				CLANG_WARN_BOOL_CONVERSION = YES;
				CLANG_WARN_CONSTANT_CONVERSION = YES;
				CLANG_WARN_DIRECT_OBJC_ISA_USAGE = YES_ERROR;
				CLANG_WARN_EMPTY_BODY = YES;
				CLANG_WARN_ENUM_CONVERSION = YES;
				CLANG_WARN_INT_CONVERSION = YES;
				CLANG_WARN_OBJC_ROOT_CLASS = YES_ERROR;
				CLANG_WARN_UNREACHABLE_CODE = YES;
				CLANG_WARN__DUPLICATE_METHOD_MATCH = YES;
				"CODE_SIGN_IDENTITY[sdk=iphoneos*]" = "iPhone Developer";
				COPY_PHASE_STRIP = NO;
				DEBUG_INFORMATION_FORMAT = dwarf;
				ENABLE_STRICT_OBJC_MSGSEND = YES;
				ENABLE_TESTABILITY = YES;
				GCC_C_LANGUAGE_STANDARD = gnu99;
				GCC_DYNAMIC_NO_PIC = NO;
				GCC_NO_COMMON_BLOCKS = YES;
				GCC_OPTIMIZATION_LEVEL = 0;
				GCC_PREPROCESSOR_DEFINITIONS = (
					"DEBUG=1",
					"$(inherited)",
				);
				GCC_WARN_64_TO_32_BIT_CONVERSION = YES;
				GCC_WARN_ABOUT_RETURN_TYPE = YES_ERROR;
				GCC_WARN_UNDECLARED_SELECTOR = YES;
				GCC_WARN_UNINITIALIZED_AUTOS = YES_AGGRESSIVE;
				GCC_WARN_UNUSED_FUNCTION = YES;
				GCC_WARN_UNUSED_VARIABLE = YES;
				IPHONEOS_DEPLOYMENT_TARGET = 9.2;
				MTL_ENABLE_DEBUG_INFO = YES;
				ONLY_ACTIVE_ARCH = YES;
				SDKROOT = iphoneos;
				SWIFT_OPTIMIZATION_LEVEL = "-Onone";
			};
			name = Debug;
		};
		99959F1C1C86C3F60005157B /* Release */ = {
			isa = XCBuildConfiguration;
			buildSettings = {
				ALWAYS_SEARCH_USER_PATHS = NO;
				CLANG_CXX_LANGUAGE_STANDARD = "gnu++0x";
				CLANG_CXX_LIBRARY = "libc++";
				CLANG_ENABLE_MODULES = YES;
				CLANG_ENABLE_OBJC_ARC = YES;
				CLANG_WARN_BOOL_CONVERSION = YES;
				CLANG_WARN_CONSTANT_CONVERSION = YES;
				CLANG_WARN_DIRECT_OBJC_ISA_USAGE = YES_ERROR;
				CLANG_WARN_EMPTY_BODY = YES;
				CLANG_WARN_ENUM_CONVERSION = YES;
				CLANG_WARN_INT_CONVERSION = YES;
				CLANG_WARN_OBJC_ROOT_CLASS = YES_ERROR;
				CLANG_WARN_UNREACHABLE_CODE = YES;
				CLANG_WARN__DUPLICATE_METHOD_MATCH = YES;
				"CODE_SIGN_IDENTITY[sdk=iphoneos*]" = "iPhone Developer";
				COPY_PHASE_STRIP = NO;
				DEBUG_INFORMATION_FORMAT = "dwarf-with-dsym";
				ENABLE_NS_ASSERTIONS = NO;
				ENABLE_STRICT_OBJC_MSGSEND = YES;
				GCC_C_LANGUAGE_STANDARD = gnu99;
				GCC_NO_COMMON_BLOCKS = YES;
				GCC_WARN_64_TO_32_BIT_CONVERSION = YES;
				GCC_WARN_ABOUT_RETURN_TYPE = YES_ERROR;
				GCC_WARN_UNDECLARED_SELECTOR = YES;
				GCC_WARN_UNINITIALIZED_AUTOS = YES_AGGRESSIVE;
				GCC_WARN_UNUSED_FUNCTION = YES;
				GCC_WARN_UNUSED_VARIABLE = YES;
				IPHONEOS_DEPLOYMENT_TARGET = 9.2;
				MTL_ENABLE_DEBUG_INFO = NO;
				SDKROOT = iphoneos;
				VALIDATE_PRODUCT = YES;
			};
			name = Release;
		};
		99959F1E1C86C3F60005157B /* Debug */ = {
			isa = XCBuildConfiguration;
			baseConfigurationReference = EC39A0D763FFB28DE30A0941 /* Pods-APItests.debug.xcconfig */;
			buildSettings = {
				ASSETCATALOG_COMPILER_APPICON_NAME = AppIcon;
				INFOPLIST_FILE = APItests/Info.plist;
				LD_RUNPATH_SEARCH_PATHS = "$(inherited) @executable_path/Frameworks";
				PRODUCT_BUNDLE_IDENTIFIER = it.oriani.APItests;
				PRODUCT_NAME = "$(TARGET_NAME)";
			};
			name = Debug;
		};
		99959F1F1C86C3F60005157B /* Release */ = {
			isa = XCBuildConfiguration;
			baseConfigurationReference = 158D2B5DA07D7E7D8BA3B73C /* Pods-APItests.release.xcconfig */;
			buildSettings = {
				ASSETCATALOG_COMPILER_APPICON_NAME = AppIcon;
				INFOPLIST_FILE = APItests/Info.plist;
				LD_RUNPATH_SEARCH_PATHS = "$(inherited) @executable_path/Frameworks";
				PRODUCT_BUNDLE_IDENTIFIER = it.oriani.APItests;
				PRODUCT_NAME = "$(TARGET_NAME)";
			};
			name = Release;
		};
/* End XCBuildConfiguration section */

/* Begin XCConfigurationList section */
		99959F061C86C3F60005157B /* Build configuration list for PBXProject "APItests" */ = {
			isa = XCConfigurationList;
			buildConfigurations = (
				99959F1B1C86C3F60005157B /* Debug */,
				99959F1C1C86C3F60005157B /* Release */,
			);
			defaultConfigurationIsVisible = 0;
			defaultConfigurationName = Release;
		};
		99959F1D1C86C3F60005157B /* Build configuration list for PBXNativeTarget "APItests" */ = {
			isa = XCConfigurationList;
			buildConfigurations = (
				99959F1E1C86C3F60005157B /* Debug */,
				99959F1F1C86C3F60005157B /* Release */,
			);
			defaultConfigurationIsVisible = 0;
			defaultConfigurationName = Release;
		};
/* End XCConfigurationList section */
	};
	rootObject = 99959F031C86C3F60005157B /* Project object */;
}
